
Microsoft Visual Studio Solution File, Format Version 12.00
# Visual Studio Version 17
VisualStudioVersion = 17.14.36414.22
MinimumVisualStudioVersion = 10.0.40219.1
Project("{FAE04EC0-301F-11D3-BF4B-00C04F79EFBC}") = "ICFAIClone", "ICFAIClone\ICFAIClone.csproj", "{EC98EB34-F7ED-489D-BB5A-188D8F9B0CA0}"
EndProject
Global
	GlobalSection(SolutionConfigurationPlatforms) = preSolution
		Debug|Any CPU = Debug|Any CPU
		Release|Any CPU = Release|Any CPU
	EndGlobalSection
	GlobalSection(ProjectConfigurationPlatforms) = postSolution
		{EC98EB34-F7ED-489D-BB5A-188D8F9B0CA0}.Debug|Any CPU.ActiveCfg = Debug|Any CPU
		{EC98EB34-F7ED-489D-BB5A-188D8F9B0CA0}.Debug|Any CPU.Build.0 = Debug|Any CPU
		{EC98EB34-F7ED-489D-BB5A-188D8F9B0CA0}.Release|Any CPU.ActiveCfg = Release|Any CPU
		{EC98EB34-F7ED-489D-BB5A-188D8F9B0CA0}.Release|Any CPU.Build.0 = Release|Any CPU
	EndGlobalSection
	GlobalSection(SolutionProperties) = preSolution
		HideSolutionNode = FALSE
	EndGlobalSection
	GlobalSection(ExtensibilityGlobals) = postSolution
		SolutionGuid = {F5632820-1958-4D70-AC08-CA002FB4C4B7}
	EndGlobalSection
EndGlobal
